// !$*UTF8*$!
{
	archiveVersion = 1;
	classes = {
	};
	objectVersion = 56;
	objects = {

/* Begin PBXBuildFile section */
		1A2B3C4D5E6F700100000001 /* TileStrikeApp.swift in Sources */ = {isa = PBXBuildFile; fileRef = 1A2B3C4D5E6F700100000011 /* TileStrikeApp.swift */; };
		1A2B3C4D5E6F700100000002 /* ContentView.swift in Sources */ = {isa = PBXBuildFile; fileRef = 1A2B3C4D5E6F700100000012 /* ContentView.swift */; };
		1A2B3C4D5E6F700100000003 /* GameModel.swift in Sources */ = {isa = PBXBuildFile; fileRef = 1A2B3C4D5E6F700100000013 /* GameModel.swift */; };
		1A2B3C4D5E6F700100000004 /* BlockPieceView.swift in Sources */ = {isa = PBXBuildFile; fileRef = 1A2B3C4D5E6F700100000014 /* BlockPieceView.swift */; };
		1A2B3C4D5E6F700100000015 /* GameTypes.swift in Sources */ = {isa = PBXBuildFile; fileRef = 1A2B3C4D5E6F700100000019 /* GameTypes.swift */; };
		1A2B3C4D5E6F700100000016 /* PieceLibrary.swift in Sources */ = {isa = PBXBuildFile; fileRef = 1A2B3C4D5E6F70010000001A /* PieceLibrary.swift */; };
		1A2B3C4D5E6F700100000018 /* GameScreenSections.swift in Sources */ = {isa = PBXBuildFile; fileRef = 1A2B3C4D5E6F70010000001C /* GameScreenSections.swift */; };
		1A2B3C4D5E6F700100000024 /* GameLayout.swift in Sources */ = {isa = PBXBuildFile; fileRef = 1A2B3C4D5E6F700100000025 /* GameLayout.swift */; };
		1A2B3C4D5E6F700100000026 /* GameRules.swift in Sources */ = {isa = PBXBuildFile; fileRef = 1A2B3C4D5E6F700100000027 /* GameRules.swift */; };
		1A2B3C4D5E6F700100000028 /* GameFeedback.swift in Sources */ = {isa = PBXBuildFile; fileRef = 1A2B3C4D5E6F700100000029 /* GameFeedback.swift */; };
		1A2B3C4D5E6F70010000002A /* Assets.xcassets in Resources */ = {isa = PBXBuildFile; fileRef = 1A2B3C4D5E6F70010000002B /* Assets.xcassets */; };
		1A2B3C4D5E6F70010000002C /* GameSound.swift in Sources */ = {isa = PBXBuildFile; fileRef = 1A2B3C4D5E6F70010000002D /* GameSound.swift */; };
		1A2B3C4D5E6F70010000002E /* Sounds in Resources */ = {isa = PBXBuildFile; fileRef = 1A2B3C4D5E6F70010000002F /* Sounds */; };
		1A2B3C4D5E6F700100000031 /* ScoreHistory.swift in Sources */ = {isa = PBXBuildFile; fileRef = 1A2B3C4D5E6F700100000030 /* ScoreHistory.swift */; };
		1A2B3C4D5E6F700100000033 /* RootView.swift in Sources */ = {isa = PBXBuildFile; fileRef = 1A2B3C4D5E6F700100000032 /* RootView.swift */; };
		1A2B3C4D5E6F700100000035 /* MainMenuView.swift in Sources */ = {isa = PBXBuildFile; fileRef = 1A2B3C4D5E6F700100000034 /* MainMenuView.swift */; };
		1A2B3C4D5E6F700100000037 /* ScoreHistoryView.swift in Sources */ = {isa = PBXBuildFile; fileRef = 1A2B3C4D5E6F700100000036 /* ScoreHistoryView.swift */; };
		1A2B3C4D5E6F700100000039 /* PrivacyInfo.xcprivacy in Resources */ = {isa = PBXBuildFile; fileRef = 1A2B3C4D5E6F700100000038 /* PrivacyInfo.xcprivacy */; };
		1A2B3C4D5E6F70010000003B /* AppSettings.swift in Sources */ = {isa = PBXBuildFile; fileRef = 1A2B3C4D5E6F70010000003A /* AppSettings.swift */; };
		1A2B3C4D5E6F70010000003D /* SettingsView.swift in Sources */ = {isa = PBXBuildFile; fileRef = 1A2B3C4D5E6F70010000003C /* SettingsView.swift */; };
		1A2B3C4D5E6F70010000003F /* GameTheme.swift in Sources */ = {isa = PBXBuildFile; fileRef = 1A2B3C4D5E6F70010000003E /* GameTheme.swift */; };
		1A2B3C4D5E6F700100000041 /* GameMode.swift in Sources */ = {isa = PBXBuildFile; fileRef = 1A2B3C4D5E6F700100000040 /* GameMode.swift */; };
		1A2B3C4D5E6F700100000043 /* BlockStyle.swift in Sources */ = {isa = PBXBuildFile; fileRef = 1A2B3C4D5E6F700100000042 /* BlockStyle.swift */; };
		1A2B3C4D5E6F700100000045 /* AdMobService.swift in Sources */ = {isa = PBXBuildFile; fileRef = 1A2B3C4D5E6F700100000044 /* AdMobService.swift */; };
		1A2B3C4D5E6F700100000047 /* GoogleMobileAds in Frameworks */ = {isa = PBXBuildFile; productRef = 1A2B3C4D5E6F700100000046 /* GoogleMobileAds */; };
/* End PBXBuildFile section */

/* Begin PBXFileReference section */
		1A2B3C4D5E6F700100000005 /* TileStrike.app */ = {isa = PBXFileReference; explicitFileType = wrapper.application; includeInIndex = 0; path = TileStrike.app; sourceTree = BUILT_PRODUCTS_DIR; };
		1A2B3C4D5E6F700100000011 /* TileStrikeApp.swift */ = {isa = PBXFileReference; lastKnownFileType = sourcecode.swift; path = TileStrikeApp.swift; sourceTree = "<group>"; };
		1A2B3C4D5E6F700100000012 /* ContentView.swift */ = {isa = PBXFileReference; lastKnownFileType = sourcecode.swift; path = ContentView.swift; sourceTree = "<group>"; };
		1A2B3C4D5E6F700100000013 /* GameModel.swift */ = {isa = PBXFileReference; lastKnownFileType = sourcecode.swift; path = GameModel.swift; sourceTree = "<group>"; };
		1A2B3C4D5E6F700100000014 /* BlockPieceView.swift */ = {isa = PBXFileReference; lastKnownFileType = sourcecode.swift; path = BlockPieceView.swift; sourceTree = "<group>"; };
		1A2B3C4D5E6F700100000019 /* GameTypes.swift */ = {isa = PBXFileReference; lastKnownFileType = sourcecode.swift; path = GameTypes.swift; sourceTree = "<group>"; };
		1A2B3C4D5E6F70010000001A /* PieceLibrary.swift */ = {isa = PBXFileReference; lastKnownFileType = sourcecode.swift; path = PieceLibrary.swift; sourceTree = "<group>"; };
		1A2B3C4D5E6F70010000001C /* GameScreenSections.swift */ = {isa = PBXFileReference; lastKnownFileType = sourcecode.swift; path = GameScreenSections.swift; sourceTree = "<group>"; };
		1A2B3C4D5E6F700100000025 /* GameLayout.swift */ = {isa = PBXFileReference; lastKnownFileType = sourcecode.swift; path = GameLayout.swift; sourceTree = "<group>"; };
		1A2B3C4D5E6F700100000027 /* GameRules.swift */ = {isa = PBXFileReference; lastKnownFileType = sourcecode.swift; path = GameRules.swift; sourceTree = "<group>"; };
		1A2B3C4D5E6F700100000029 /* GameFeedback.swift */ = {isa = PBXFileReference; lastKnownFileType = sourcecode.swift; path = GameFeedback.swift; sourceTree = "<group>"; };
		1A2B3C4D5E6F70010000002B /* Assets.xcassets */ = {isa = PBXFileReference; lastKnownFileType = folder.assetcatalog; path = Assets.xcassets; sourceTree = "<group>"; };
		1A2B3C4D5E6F70010000002D /* GameSound.swift */ = {isa = PBXFileReference; lastKnownFileType = sourcecode.swift; path = GameSound.swift; sourceTree = "<group>"; };
		1A2B3C4D5E6F70010000002F /* Sounds */ = {isa = PBXFileReference; lastKnownFileType = folder; path = Sounds; sourceTree = "<group>"; };
		1A2B3C4D5E6F700100000030 /* ScoreHistory.swift */ = {isa = PBXFileReference; lastKnownFileType = sourcecode.swift; path = ScoreHistory.swift; sourceTree = "<group>"; };
		1A2B3C4D5E6F700100000032 /* RootView.swift */ = {isa = PBXFileReference; lastKnownFileType = sourcecode.swift; path = RootView.swift; sourceTree = "<group>"; };
		1A2B3C4D5E6F700100000034 /* MainMenuView.swift */ = {isa = PBXFileReference; lastKnownFileType = sourcecode.swift; path = MainMenuView.swift; sourceTree = "<group>"; };
		1A2B3C4D5E6F700100000036 /* ScoreHistoryView.swift */ = {isa = PBXFileReference; lastKnownFileType = sourcecode.swift; path = ScoreHistoryView.swift; sourceTree = "<group>"; };
		1A2B3C4D5E6F700100000038 /* PrivacyInfo.xcprivacy */ = {isa = PBXFileReference; lastKnownFileType = text.xml; path = PrivacyInfo.xcprivacy; sourceTree = "<group>"; };
		1A2B3C4D5E6F70010000003A /* AppSettings.swift */ = {isa = PBXFileReference; lastKnownFileType = sourcecode.swift; path = AppSettings.swift; sourceTree = "<group>"; };
		1A2B3C4D5E6F70010000003C /* SettingsView.swift */ = {isa = PBXFileReference; lastKnownFileType = sourcecode.swift; path = SettingsView.swift; sourceTree = "<group>"; };
		1A2B3C4D5E6F70010000003E /* GameTheme.swift */ = {isa = PBXFileReference; lastKnownFileType = sourcecode.swift; path = GameTheme.swift; sourceTree = "<group>"; };
		1A2B3C4D5E6F700100000040 /* GameMode.swift */ = {isa = PBXFileReference; lastKnownFileType = sourcecode.swift; path = GameMode.swift; sourceTree = "<group>"; };
		1A2B3C4D5E6F700100000042 /* BlockStyle.swift */ = {isa = PBXFileReference; lastKnownFileType = sourcecode.swift; path = BlockStyle.swift; sourceTree = "<group>"; };
		1A2B3C4D5E6F700100000044 /* AdMobService.swift */ = {isa = PBXFileReference; lastKnownFileType = sourcecode.swift; path = AdMobService.swift; sourceTree = "<group>"; };
		1A2B3C4D5E6F700100000049 /* Info.plist */ = {isa = PBXFileReference; lastKnownFileType = text.plist.xml; path = Info.plist; sourceTree = "<group>"; };
/* End PBXFileReference section */

/* Begin PBXFrameworksBuildPhase section */
		1A2B3C4D5E6F700100000006 /* Frameworks */ = {
			isa = PBXFrameworksBuildPhase;
			buildActionMask = 2147483647;
			files = (
				1A2B3C4D5E6F700100000047 /* GoogleMobileAds in Frameworks */,
			);
			runOnlyForDeploymentPostprocessing = 0;
		};
/* End PBXFrameworksBuildPhase section */

/* Begin PBXGroup section */
		1A2B3C4D5E6F700100000007 = {
			isa = PBXGroup;
			children = (
				1A2B3C4D5E6F700100000008 /* TileStrike */,
				1A2B3C4D5E6F700100000009 /* Products */,
			);
			sourceTree = "<group>";
		};
		1A2B3C4D5E6F700100000008 /* TileStrike */ = {
			isa = PBXGroup;
			children = (
				1A2B3C4D5E6F700100000011 /* TileStrikeApp.swift */,
				1A2B3C4D5E6F700100000012 /* ContentView.swift */,
				1A2B3C4D5E6F70010000001C /* GameScreenSections.swift */,
				1A2B3C4D5E6F700100000013 /* GameModel.swift */,
				1A2B3C4D5E6F700100000019 /* GameTypes.swift */,
				1A2B3C4D5E6F700100000027 /* GameRules.swift */,
				1A2B3C4D5E6F700100000029 /* GameFeedback.swift */,
				1A2B3C4D5E6F70010000002D /* GameSound.swift */,
				1A2B3C4D5E6F70010000001A /* PieceLibrary.swift */,
				1A2B3C4D5E6F700100000025 /* GameLayout.swift */,
				1A2B3C4D5E6F700100000014 /* BlockPieceView.swift */,
				1A2B3C4D5E6F700100000030 /* ScoreHistory.swift */,
				1A2B3C4D5E6F700100000032 /* RootView.swift */,
				1A2B3C4D5E6F70010000003A /* AppSettings.swift */,
				1A2B3C4D5E6F70010000003E /* GameTheme.swift */,
				1A2B3C4D5E6F700100000040 /* GameMode.swift */,
				1A2B3C4D5E6F700100000042 /* BlockStyle.swift */,
				1A2B3C4D5E6F700100000044 /* AdMobService.swift */,
				1A2B3C4D5E6F700100000034 /* MainMenuView.swift */,
				1A2B3C4D5E6F700100000036 /* ScoreHistoryView.swift */,
				1A2B3C4D5E6F70010000003C /* SettingsView.swift */,
				1A2B3C4D5E6F700100000049 /* Info.plist */,
				1A2B3C4D5E6F700100000038 /* PrivacyInfo.xcprivacy */,
				1A2B3C4D5E6F70010000002B /* Assets.xcassets */,
				1A2B3C4D5E6F70010000002F /* Sounds */,
			);
			path = TileStrike;
			sourceTree = "<group>";
		};
		1A2B3C4D5E6F700100000009 /* Products */ = {
			isa = PBXGroup;
			children = (
				1A2B3C4D5E6F700100000005 /* TileStrike.app */,
			);
			name = Products;
			sourceTree = "<group>";
		};
/* End PBXGroup section */

/* Begin PBXNativeTarget section */
		1A2B3C4D5E6F70010000000A /* TileStrike */ = {
			isa = PBXNativeTarget;
			buildConfigurationList = 1A2B3C4D5E6F70010000000B /* Build configuration list for PBXNativeTarget "TileStrike" */;
			buildPhases = (
				1A2B3C4D5E6F70010000000C /* Sources */,
				1A2B3C4D5E6F700100000006 /* Frameworks */,
				1A2B3C4D5E6F70010000000D /* Resources */,
			);
			buildRules = (
			);
			dependencies = (
			);
			name = TileStrike;
			packageProductDependencies = (
				1A2B3C4D5E6F700100000046 /* GoogleMobileAds */,
			);
			productName = TileStrike;
			productReference = 1A2B3C4D5E6F700100000005 /* TileStrike.app */;
			productType = "com.apple.product-type.application";
		};
/* End PBXNativeTarget section */

/* Begin PBXProject section */
		1A2B3C4D5E6F70010000000E /* Project object */ = {
			isa = PBXProject;
			attributes = {
				BuildIndependentTargetsInParallel = 1;
				LastSwiftUpdateCheck = 2650;
				LastUpgradeCheck = 2650;
				TargetAttributes = {
					1A2B3C4D5E6F70010000000A = {
						CreatedOnToolsVersion = 26.5;
					};
				};
			};
			buildConfigurationList = 1A2B3C4D5E6F70010000000F /* Build configuration list for PBXProject "TileStrike" */;
			compatibilityVersion = "Xcode 14.0";
			developmentRegion = en;
			hasScannedForEncodings = 0;
			knownRegions = (
				en,
				Base,
			);
			mainGroup = 1A2B3C4D5E6F700100000007;
			packageReferences = (
				1A2B3C4D5E6F700100000048 /* XCRemoteSwiftPackageReference "swift-package-manager-google-mobile-ads" */,
			);
			productRefGroup = 1A2B3C4D5E6F700100000009 /* Products */;
			projectDirPath = "";
			projectRoot = "";
			targets = (
				1A2B3C4D5E6F70010000000A /* TileStrike */,
			);
		};
/* End PBXProject section */

/* Begin PBXResourcesBuildPhase section */
		1A2B3C4D5E6F70010000000D /* Resources */ = {
			isa = PBXResourcesBuildPhase;
			buildActionMask = 2147483647;
			files = (
				1A2B3C4D5E6F70010000002A /* Assets.xcassets in Resources */,
				1A2B3C4D5E6F70010000002E /* Sounds in Resources */,
				1A2B3C4D5E6F700100000039 /* PrivacyInfo.xcprivacy in Resources */,
			);
			runOnlyForDeploymentPostprocessing = 0;
		};
/* End PBXResourcesBuildPhase section */

/* Begin PBXSourcesBuildPhase section */
		1A2B3C4D5E6F70010000000C /* Sources */ = {
			isa = PBXSourcesBuildPhase;
			buildActionMask = 2147483647;
			files = (
				1A2B3C4D5E6F700100000001 /* TileStrikeApp.swift in Sources */,
				1A2B3C4D5E6F700100000002 /* ContentView.swift in Sources */,
				1A2B3C4D5E6F700100000003 /* GameModel.swift in Sources */,
				1A2B3C4D5E6F700100000004 /* BlockPieceView.swift in Sources */,
				1A2B3C4D5E6F700100000015 /* GameTypes.swift in Sources */,
				1A2B3C4D5E6F700100000016 /* PieceLibrary.swift in Sources */,
				1A2B3C4D5E6F700100000024 /* GameLayout.swift in Sources */,
				1A2B3C4D5E6F700100000026 /* GameRules.swift in Sources */,
				1A2B3C4D5E6F700100000028 /* GameFeedback.swift in Sources */,
				1A2B3C4D5E6F70010000002C /* GameSound.swift in Sources */,
				1A2B3C4D5E6F700100000018 /* GameScreenSections.swift in Sources */,
				1A2B3C4D5E6F700100000031 /* ScoreHistory.swift in Sources */,
				1A2B3C4D5E6F700100000033 /* RootView.swift in Sources */,
				1A2B3C4D5E6F70010000003B /* AppSettings.swift in Sources */,
				1A2B3C4D5E6F700100000035 /* MainMenuView.swift in Sources */,
				1A2B3C4D5E6F700100000037 /* ScoreHistoryView.swift in Sources */,
				1A2B3C4D5E6F70010000003D /* SettingsView.swift in Sources */,
				1A2B3C4D5E6F70010000003F /* GameTheme.swift in Sources */,
				1A2B3C4D5E6F700100000041 /* GameMode.swift in Sources */,
				1A2B3C4D5E6F700100000043 /* BlockStyle.swift in Sources */,
				1A2B3C4D5E6F700100000045 /* AdMobService.swift in Sources */,
			);
			runOnlyForDeploymentPostprocessing = 0;
		};
/* End PBXSourcesBuildPhase section */

/* Begin XCBuildConfiguration section */
		1A2B3C4D5E6F700100000020 /* Debug */ = {
			isa = XCBuildConfiguration;
			buildSettings = {
				ALWAYS_SEARCH_USER_PATHS = NO;
				CLANG_ANALYZER_NONNULL = YES;
				CLANG_ANALYZER_NUMBER_OBJECT_CONVERSION = YES_AGGRESSIVE;
				CLANG_CXX_LANGUAGE_STANDARD = "gnu++20";
				CLANG_ENABLE_MODULES = YES;
				CLANG_ENABLE_OBJC_ARC = YES;
				CLANG_ENABLE_OBJC_WEAK = YES;
				CLANG_WARN_BLOCK_CAPTURE_AUTORELEASING = YES;
				CLANG_WARN_BOOL_CONVERSION = YES;
				CLANG_WARN_COMMA = YES;
				CLANG_WARN_CONSTANT_CONVERSION = YES;
				CLANG_WARN_DEPRECATED_OBJC_IMPLEMENTATIONS = YES;
				CLANG_WARN_DIRECT_OBJC_ISA_USAGE = YES_ERROR;
				CLANG_WARN_DOCUMENTATION_COMMENTS = YES;
				CLANG_WARN_EMPTY_BODY = YES;
				CLANG_WARN_ENUM_CONVERSION = YES;
				CLANG_WARN_INFINITE_RECURSION = YES;
				CLANG_WARN_INT_CONVERSION = YES;
				CLANG_WARN_NON_LITERAL_NULL_CONVERSION = YES;
				CLANG_WARN_OBJC_IMPLICIT_RETAIN_SELF = YES;
				CLANG_WARN_OBJC_LITERAL_CONVERSION = YES;
				CLANG_WARN_OBJC_ROOT_CLASS = YES_ERROR;
				CLANG_WARN_QUOTED_INCLUDE_IN_FRAMEWORK_HEADER = YES;
				CLANG_WARN_RANGE_LOOP_ANALYSIS = YES;
				CLANG_WARN_STRICT_PROTOTYPES = YES;
				CLANG_WARN_SUSPICIOUS_MOVE = YES;
				CLANG_WARN_UNGUARDED_AVAILABILITY = YES_AGGRESSIVE;
				CLANG_WARN_UNREACHABLE_CODE = YES;
				CLANG_WARN__DUPLICATE_METHOD_MATCH = YES;
				COPY_PHASE_STRIP = NO;
				DEBUG_INFORMATION_FORMAT = dwarf;
				ENABLE_STRICT_OBJC_MSGSEND = YES;
				ENABLE_TESTABILITY = YES;
				ENABLE_USER_SCRIPT_SANDBOXING = YES;
				GCC_C_LANGUAGE_STANDARD = gnu17;
				GCC_DYNAMIC_NO_PIC = NO;
				GCC_NO_COMMON_BLOCKS = YES;
				GCC_OPTIMIZATION_LEVEL = 0;
				GCC_PREPROCESSOR_DEFINITIONS = (
					"DEBUG=1",
					"$(inherited)",
				);
				GCC_WARN_64_TO_32_BIT_CONVERSION = YES;
				GCC_WARN_ABOUT_RETURN_TYPE = YES_ERROR;
				GCC_WARN_UNDECLARED_SELECTOR = YES;
				GCC_WARN_UNINITIALIZED_AUTOS = YES_AGGRESSIVE;
				GCC_WARN_UNUSED_FUNCTION = YES;
				GCC_WARN_UNUSED_VARIABLE = YES;
				IPHONEOS_DEPLOYMENT_TARGET = 17.0;
				MTL_ENABLE_DEBUG_INFO = INCLUDE_SOURCE;
				MTL_FAST_MATH = YES;
				ONLY_ACTIVE_ARCH = YES;
				SDKROOT = iphoneos;
				SWIFT_ACTIVE_COMPILATION_CONDITIONS = DEBUG;
				SWIFT_OPTIMIZATION_LEVEL = "-Onone";
			};
			name = Debug;
		};
		1A2B3C4D5E6F700100000021 /* Release */ = {
			isa = XCBuildConfiguration;
			buildSettings = {
				ALWAYS_SEARCH_USER_PATHS = NO;
				CLANG_ANALYZER_NONNULL = YES;
				CLANG_ANALYZER_NUMBER_OBJECT_CONVERSION = YES_AGGRESSIVE;
				CLANG_CXX_LANGUAGE_STANDARD = "gnu++20";
				CLANG_ENABLE_MODULES = YES;
				CLANG_ENABLE_OBJC_ARC = YES;
				CLANG_ENABLE_OBJC_WEAK = YES;
				CLANG_WARN_BLOCK_CAPTURE_AUTORELEASING = YES;
				CLANG_WARN_BOOL_CONVERSION = YES;
				CLANG_WARN_COMMA = YES;
				CLANG_WARN_CONSTANT_CONVERSION = YES;
				CLANG_WARN_DEPRECATED_OBJC_IMPLEMENTATIONS = YES;
				CLANG_WARN_DIRECT_OBJC_ISA_USAGE = YES_ERROR;
				CLANG_WARN_DOCUMENTATION_COMMENTS = YES;
				CLANG_WARN_EMPTY_BODY = YES;
				CLANG_WARN_ENUM_CONVERSION = YES;
				CLANG_WARN_INFINITE_RECURSION = YES;
				CLANG_WARN_INT_CONVERSION = YES;
				CLANG_WARN_NON_LITERAL_NULL_CONVERSION = YES;
				CLANG_WARN_OBJC_IMPLICIT_RETAIN_SELF = YES;
				CLANG_WARN_OBJC_LITERAL_CONVERSION = YES;
				CLANG_WARN_OBJC_ROOT_CLASS = YES_ERROR;
				CLANG_WARN_QUOTED_INCLUDE_IN_FRAMEWORK_HEADER = YES;
				CLANG_WARN_RANGE_LOOP_ANALYSIS = YES;
				CLANG_WARN_STRICT_PROTOTYPES = YES;
				CLANG_WARN_SUSPICIOUS_MOVE = YES;
				CLANG_WARN_UNGUARDED_AVAILABILITY = YES_AGGRESSIVE;
				CLANG_WARN_UNREACHABLE_CODE = YES;
				CLANG_WARN__DUPLICATE_METHOD_MATCH = YES;
				COPY_PHASE_STRIP = NO;
				DEBUG_INFORMATION_FORMAT = "dwarf-with-dsym";
				ENABLE_NS_ASSERTIONS = NO;
				ENABLE_STRICT_OBJC_MSGSEND = YES;
				ENABLE_USER_SCRIPT_SANDBOXING = YES;
				GCC_C_LANGUAGE_STANDARD = gnu17;
				GCC_NO_COMMON_BLOCKS = YES;
				GCC_WARN_64_TO_32_BIT_CONVERSION = YES;
				GCC_WARN_ABOUT_RETURN_TYPE = YES_ERROR;
				GCC_WARN_UNDECLARED_SELECTOR = YES;
				GCC_WARN_UNINITIALIZED_AUTOS = YES_AGGRESSIVE;
				GCC_WARN_UNUSED_FUNCTION = YES;
				GCC_WARN_UNUSED_VARIABLE = YES;
				IPHONEOS_DEPLOYMENT_TARGET = 17.0;
				MTL_ENABLE_DEBUG_INFO = NO;
				MTL_FAST_MATH = YES;
				SDKROOT = iphoneos;
				SWIFT_COMPILATION_MODE = wholemodule;
				VALIDATE_PRODUCT = YES;
			};
			name = Release;
		};
		1A2B3C4D5E6F700100000022 /* Debug */ = {
			isa = XCBuildConfiguration;
			buildSettings = {
				ASSETCATALOG_COMPILER_APPICON_NAME = AppIcon;
				CODE_SIGN_STYLE = Automatic;
				CURRENT_PROJECT_VERSION = 3;
				DEVELOPMENT_TEAM = 955ULV5ZU2;
				GENERATE_INFOPLIST_FILE = NO;
				INFOPLIST_FILE = TileStrike/Info.plist;
				LD_RUNPATH_SEARCH_PATHS = (
					"$(inherited)",
					"@executable_path/Frameworks",
				);
				MARKETING_VERSION = 1.0;
				PRODUCT_BUNDLE_IDENTIFIER = com.enesbilen.tilestrike;
				PRODUCT_NAME = "$(TARGET_NAME)";
				SWIFT_EMIT_LOC_STRINGS = YES;
				SWIFT_VERSION = 5.0;
				TARGETED_DEVICE_FAMILY = 1;
			};
			name = Debug;
		};
		1A2B3C4D5E6F700100000023 /* Release */ = {
			isa = XCBuildConfiguration;
			buildSettings = {
				ASSETCATALOG_COMPILER_APPICON_NAME = AppIcon;
				CODE_SIGN_STYLE = Automatic;
				CURRENT_PROJECT_VERSION = 3;
				DEVELOPMENT_TEAM = 955ULV5ZU2;
				GENERATE_INFOPLIST_FILE = NO;
				INFOPLIST_FILE = TileStrike/Info.plist;
				LD_RUNPATH_SEARCH_PATHS = (
					"$(inherited)",
					"@executable_path/Frameworks",
				);
				MARKETING_VERSION = 1.0;
				PRODUCT_BUNDLE_IDENTIFIER = com.enesbilen.tilestrike;
				PRODUCT_NAME = "$(TARGET_NAME)";
				STRIP_INSTALLED_PRODUCT = YES;
				SWIFT_EMIT_LOC_STRINGS = YES;
				SWIFT_OPTIMIZATION_LEVEL = "-O";
				SWIFT_VERSION = 5.0;
				TARGETED_DEVICE_FAMILY = 1;
			};
			name = Release;
		};
/* End XCBuildConfiguration section */

/* Begin XCConfigurationList section */
		1A2B3C4D5E6F70010000000B /* Build configuration list for PBXNativeTarget "TileStrike" */ = {
			isa = XCConfigurationList;
			buildConfigurations = (
				1A2B3C4D5E6F700100000022 /* Debug */,
				1A2B3C4D5E6F700100000023 /* Release */,
			);
			defaultConfigurationIsVisible = 0;
			defaultConfigurationName = Release;
		};
		1A2B3C4D5E6F70010000000F /* Build configuration list for PBXProject "TileStrike" */ = {
			isa = XCConfigurationList;
			buildConfigurations = (
				1A2B3C4D5E6F700100000020 /* Debug */,
				1A2B3C4D5E6F700100000021 /* Release */,
			);
			defaultConfigurationIsVisible = 0;
			defaultConfigurationName = Release;
		};
/* End XCConfigurationList section */

/* Begin XCRemoteSwiftPackageReference section */
		1A2B3C4D5E6F700100000048 /* XCRemoteSwiftPackageReference "swift-package-manager-google-mobile-ads" */ = {
			isa = XCRemoteSwiftPackageReference;
			repositoryURL = "https://github.com/googleads/swift-package-manager-google-mobile-ads.git";
			requirement = {
				kind = upToNextMajorVersion;
				minimumVersion = 12.0.0;
			};
		};
/* End XCRemoteSwiftPackageReference section */

/* Begin XCSwiftPackageProductDependency section */
		1A2B3C4D5E6F700100000046 /* GoogleMobileAds */ = {
			isa = XCSwiftPackageProductDependency;
			package = 1A2B3C4D5E6F700100000048 /* XCRemoteSwiftPackageReference "swift-package-manager-google-mobile-ads" */;
			productName = GoogleMobileAds;
		};
/* End XCSwiftPackageProductDependency section */
	};
	rootObject = 1A2B3C4D5E6F70010000000E /* Project object */;
}
